// !$*UTF8*$!
{
	archiveVersion = 1;
	classes = {
	};
	objectVersion = 55;
	objects = {

/* Begin PBXBuildFile section */
		D064E61C286D768D00DDD4B9 /* Interval_MatchingApp.swift in Sources */ = {isa = PBXBuildFile; fileRef = D064E61B286D768D00DDD4B9 /* Interval_MatchingApp.swift */; };
		D064E61E286D768D00DDD4B9 /* ContentView.swift in Sources */ = {isa = PBXBuildFile; fileRef = D064E61D286D768D00DDD4B9 /* ContentView.swift */; };
		D064E620286D768F00DDD4B9 /* Assets.xcassets in Resources */ = {isa = PBXBuildFile; fileRef = D064E61F286D768F00DDD4B9 /* Assets.xcassets */; };
		D064E623286D768F00DDD4B9 /* Preview Assets.xcassets in Resources */ = {isa = PBXBuildFile; fileRef = D064E622286D768F00DDD4B9 /* Preview Assets.xcassets */; };
		D064E62E286D768F00DDD4B9 /* Interval_MatchingTests.swift in Sources */ = {isa = PBXBuildFile; fileRef = D064E62D286D768F00DDD4B9 /* Interval_MatchingTests.swift */; };
		D064E638286D768F00DDD4B9 /* Interval_MatchingUITests.swift in Sources */ = {isa = PBXBuildFile; fileRef = D064E637286D768F00DDD4B9 /* Interval_MatchingUITests.swift */; };
		D064E63A286D768F00DDD4B9 /* Interval_MatchingUITestsLaunchTests.swift in Sources */ = {isa = PBXBuildFile; fileRef = D064E639286D768F00DDD4B9 /* Interval_MatchingUITestsLaunchTests.swift */; };
/* End PBXBuildFile section */

/* Begin PBXContainerItemProxy section */
		D064E62A286D768F00DDD4B9 /* PBXContainerItemProxy */ = {
			isa = PBXContainerItemProxy;
			containerPortal = D064E610286D768D00DDD4B9 /* Project object */;
			proxyType = 1;
			remoteGlobalIDString = D064E617286D768D00DDD4B9;
			remoteInfo = "Interval Matching";
		};
		D064E634286D768F00DDD4B9 /* PBXContainerItemProxy */ = {
			isa = PBXContainerItemProxy;
			containerPortal = D064E610286D768D00DDD4B9 /* Project object */;
			proxyType = 1;
			remoteGlobalIDString = D064E617286D768D00DDD4B9;
			remoteInfo = "Interval Matching";
		};
/* End PBXContainerItemProxy section */

/* Begin PBXFileReference section */
		D064E618286D768D00DDD4B9 /* Interval Matching.app */ = {isa = PBXFileReference; explicitFileType = wrapper.application; includeInIndex = 0; path = "Interval Matching.app"; sourceTree = BUILT_PRODUCTS_DIR; };
		D064E61B286D768D00DDD4B9 /* Interval_MatchingApp.swift */ = {isa = PBXFileReference; lastKnownFileType = sourcecode.swift; path = Interval_MatchingApp.swift; sourceTree = "<group>"; };
		D064E61D286D768D00DDD4B9 /* ContentView.swift */ = {isa = PBXFileReference; lastKnownFileType = sourcecode.swift; path = ContentView.swift; sourceTree = "<group>"; };
		D064E61F286D768F00DDD4B9 /* Assets.xcassets */ = {isa = PBXFileReference; lastKnownFileType = folder.assetcatalog; path = Assets.xcassets; sourceTree = "<group>"; };
		D064E622286D768F00DDD4B9 /* Preview Assets.xcassets */ = {isa = PBXFileReference; lastKnownFileType = folder.assetcatalog; path = "Preview Assets.xcassets"; sourceTree = "<group>"; };
		D064E624286D768F00DDD4B9 /* Interval_Matching.entitlements */ = {isa = PBXFileReference; lastKnownFileType = text.plist.entitlements; path = Interval_Matching.entitlements; sourceTree = "<group>"; };
		D064E629286D768F00DDD4B9 /* Interval MatchingTests.xctest */ = {isa = PBXFileReference; explicitFileType = wrapper.cfbundle; includeInIndex = 0; path = "Interval MatchingTests.xctest"; sourceTree = BUILT_PRODUCTS_DIR; };
		D064E62D286D768F00DDD4B9 /* Interval_MatchingTests.swift */ = {isa = PBXFileReference; lastKnownFileType = sourcecode.swift; path = Interval_MatchingTests.swift; sourceTree = "<group>"; };
		D064E633286D768F00DDD4B9 /* Interval MatchingUITests.xctest */ = {isa = PBXFileReference; explicitFileType = wrapper.cfbundle; includeInIndex = 0; path = "Interval MatchingUITests.xctest"; sourceTree = BUILT_PRODUCTS_DIR; };
		D064E637286D768F00DDD4B9 /* Interval_MatchingUITests.swift */ = {isa = PBXFileReference; lastKnownFileType = sourcecode.swift; path = Interval_MatchingUITests.swift; sourceTree = "<group>"; };
		D064E639286D768F00DDD4B9 /* Interval_MatchingUITestsLaunchTests.swift */ = {isa = PBXFileReference; lastKnownFileType = sourcecode.swift; path = Interval_MatchingUITestsLaunchTests.swift; sourceTree = "<group>"; };
/* End PBXFileReference section */

/* Begin PBXFrameworksBuildPhase section */
		D064E615286D768D00DDD4B9 /* Frameworks */ = {
			isa = PBXFrameworksBuildPhase;
			buildActionMask = 2147483647;
			files = (
			);
			runOnlyForDeploymentPostprocessing = 0;
		};
		D064E626286D768F00DDD4B9 /* Frameworks */ = {
			isa = PBXFrameworksBuildPhase;
			buildActionMask = 2147483647;
			files = (
			);
			runOnlyForDeploymentPostprocessing = 0;
		};
		D064E630286D768F00DDD4B9 /* Frameworks */ = {
			isa = PBXFrameworksBuildPhase;
			buildActionMask = 2147483647;
			files = (
			);
			runOnlyForDeploymentPostprocessing = 0;
		};
/* End PBXFrameworksBuildPhase section */

/* Begin PBXGroup section */
		D064E60F286D768D00DDD4B9 = {
			isa = PBXGroup;
			children = (
				D064E61A286D768D00DDD4B9 /* Interval Matching */,
				D064E62C286D768F00DDD4B9 /* Interval MatchingTests */,
				D064E636286D768F00DDD4B9 /* Interval MatchingUITests */,
				D064E619286D768D00DDD4B9 /* Products */,
			);
			sourceTree = "<group>";
		};
		D064E619286D768D00DDD4B9 /* Products */ = {
			isa = PBXGroup;
			children = (
				D064E618286D768D00DDD4B9 /* Interval Matching.app */,
				D064E629286D768F00DDD4B9 /* Interval MatchingTests.xctest */,
				D064E633286D768F00DDD4B9 /* Interval MatchingUITests.xctest */,
			);
			name = Products;
			sourceTree = "<group>";
		};
		D064E61A286D768D00DDD4B9 /* Interval Matching */ = {
			isa = PBXGroup;
			children = (
				D064E61B286D768D00DDD4B9 /* Interval_MatchingApp.swift */,
				D064E61D286D768D00DDD4B9 /* ContentView.swift */,
				D064E61F286D768F00DDD4B9 /* Assets.xcassets */,
				D064E624286D768F00DDD4B9 /* Interval_Matching.entitlements */,
				D064E621286D768F00DDD4B9 /* Preview Content */,
			);
			path = "Interval Matching";
			sourceTree = "<group>";
		};
		D064E621286D768F00DDD4B9 /* Preview Content */ = {
			isa = PBXGroup;
			children = (
				D064E622286D768F00DDD4B9 /* Preview Assets.xcassets */,
			);
			path = "Preview Content";
			sourceTree = "<group>";
		};
		D064E62C286D768F00DDD4B9 /* Interval MatchingTests */ = {
			isa = PBXGroup;
			children = (
				D064E62D286D768F00DDD4B9 /* Interval_MatchingTests.swift */,
			);
			path = "Interval MatchingTests";
			sourceTree = "<group>";
		};
		D064E636286D768F00DDD4B9 /* Interval MatchingUITests */ = {
			isa = PBXGroup;
			children = (
				D064E637286D768F00DDD4B9 /* Interval_MatchingUITests.swift */,
				D064E639286D768F00DDD4B9 /* Interval_MatchingUITestsLaunchTests.swift */,
			);
			path = "Interval MatchingUITests";
			sourceTree = "<group>";
		};
/* End PBXGroup section */

/* Begin PBXNativeTarget section */
		D064E617286D768D00DDD4B9 /* Interval Matching */ = {
			isa = PBXNativeTarget;
			buildConfigurationList = D064E63D286D768F00DDD4B9 /* Build configuration list for PBXNativeTarget "Interval Matching" */;
			buildPhases = (
				D064E614286D768D00DDD4B9 /* Sources */,
				D064E615286D768D00DDD4B9 /* Frameworks */,
				D064E616286D768D00DDD4B9 /* Resources */,
			);
			buildRules = (
			);
			dependencies = (
			);
			name = "Interval Matching";
			productName = "Interval Matching";
			productReference = D064E618286D768D00DDD4B9 /* Interval Matching.app */;
			productType = "com.apple.product-type.application";
		};
		D064E628286D768F00DDD4B9 /* Interval MatchingTests */ = {
			isa = PBXNativeTarget;
			buildConfigurationList = D064E640286D768F00DDD4B9 /* Build configuration list for PBXNativeTarget "Interval MatchingTests" */;
			buildPhases = (
				D064E625286D768F00DDD4B9 /* Sources */,
				D064E626286D768F00DDD4B9 /* Frameworks */,
				D064E627286D768F00DDD4B9 /* Resources */,
			);
			buildRules = (
			);
			dependencies = (
				D064E62B286D768F00DDD4B9 /* PBXTargetDependency */,
			);
			name = "Interval MatchingTests";
			productName = "Interval MatchingTests";
			productReference = D064E629286D768F00DDD4B9 /* Interval MatchingTests.xctest */;
			productType = "com.apple.product-type.bundle.unit-test";
		};
		D064E632286D768F00DDD4B9 /* Interval MatchingUITests */ = {
			isa = PBXNativeTarget;
			buildConfigurationList = D064E643286D768F00DDD4B9 /* Build configuration list for PBXNativeTarget "Interval MatchingUITests" */;
			buildPhases = (
				D064E62F286D768F00DDD4B9 /* Sources */,
				D064E630286D768F00DDD4B9 /* Frameworks */,
				D064E631286D768F00DDD4B9 /* Resources */,
			);
			buildRules = (
			);
			dependencies = (
				D064E635286D768F00DDD4B9 /* PBXTargetDependency */,
			);
			name = "Interval MatchingUITests";
			productName = "Interval MatchingUITests";
			productReference = D064E633286D768F00DDD4B9 /* Interval MatchingUITests.xctest */;
			productType = "com.apple.product-type.bundle.ui-testing";
		};
/* End PBXNativeTarget section */

/* Begin PBXProject section */
		D064E610286D768D00DDD4B9 /* Project object */ = {
			isa = PBXProject;
			attributes = {
				BuildIndependentTargetsInParallel = 1;
				LastSwiftUpdateCheck = 1340;
				LastUpgradeCheck = 1340;
				TargetAttributes = {
					D064E617286D768D00DDD4B9 = {
						CreatedOnToolsVersion = 13.4.1;
					};
					D064E628286D768F00DDD4B9 = {
						CreatedOnToolsVersion = 13.4.1;
						TestTargetID = D064E617286D768D00DDD4B9;
					};
					D064E632286D768F00DDD4B9 = {
						CreatedOnToolsVersion = 13.4.1;
						TestTargetID = D064E617286D768D00DDD4B9;
					};
				};
			};
			buildConfigurationList = D064E613286D768D00DDD4B9 /* Build configuration list for PBXProject "Interval Matching" */;
			compatibilityVersion = "Xcode 13.0";
			developmentRegion = en;
			hasScannedForEncodings = 0;
			knownRegions = (
				en,
				Base,
			);
			mainGroup = D064E60F286D768D00DDD4B9;
			productRefGroup = D064E619286D768D00DDD4B9 /* Products */;
			projectDirPath = "";
			projectRoot = "";
			targets = (
				D064E617286D768D00DDD4B9 /* Interval Matching */,
				D064E628286D768F00DDD4B9 /* Interval MatchingTests */,
				D064E632286D768F00DDD4B9 /* Interval MatchingUITests */,
			);
		};
/* End PBXProject section */

/* Begin PBXResourcesBuildPhase section */
		D064E616286D768D00DDD4B9 /* Resources */ = {
			isa = PBXResourcesBuildPhase;
			buildActionMask = 2147483647;
			files = (
				D064E623286D768F00DDD4B9 /* Preview Assets.xcassets in Resources */,
				D064E620286D768F00DDD4B9 /* Assets.xcassets in Resources */,
			);
			runOnlyForDeploymentPostprocessing = 0;
		};
		D064E627286D768F00DDD4B9 /* Resources */ = {
			isa = PBXResourcesBuildPhase;
			buildActionMask = 2147483647;
			files = (
			);
			runOnlyForDeploymentPostprocessing = 0;
		};
		D064E631286D768F00DDD4B9 /* Resources */ = {
			isa = PBXResourcesBuildPhase;
			buildActionMask = 2147483647;
			files = (
			);
			runOnlyForDeploymentPostprocessing = 0;
		};
/* End PBXResourcesBuildPhase section */

/* Begin PBXSourcesBuildPhase section */
		D064E614286D768D00DDD4B9 /* Sources */ = {
			isa = PBXSourcesBuildPhase;
			buildActionMask = 2147483647;
			files = (
				D064E61E286D768D00DDD4B9 /* ContentView.swift in Sources */,
				D064E61C286D768D00DDD4B9 /* Interval_MatchingApp.swift in Sources */,
			);
			runOnlyForDeploymentPostprocessing = 0;
		};
		D064E625286D768F00DDD4B9 /* Sources */ = {
			isa = PBXSourcesBuildPhase;
			buildActionMask = 2147483647;
			files = (
				D064E62E286D768F00DDD4B9 /* Interval_MatchingTests.swift in Sources */,
			);
			runOnlyForDeploymentPostprocessing = 0;
		};
		D064E62F286D768F00DDD4B9 /* Sources */ = {
			isa = PBXSourcesBuildPhase;
			buildActionMask = 2147483647;
			files = (
				D064E63A286D768F00DDD4B9 /* Interval_MatchingUITestsLaunchTests.swift in Sources */,
				D064E638286D768F00DDD4B9 /* Interval_MatchingUITests.swift in Sources */,
			);
			runOnlyForDeploymentPostprocessing = 0;
		};
/* End PBXSourcesBuildPhase section */

/* Begin PBXTargetDependency section */
		D064E62B286D768F00DDD4B9 /* PBXTargetDependency */ = {
			isa = PBXTargetDependency;
			target = D064E617286D768D00DDD4B9 /* Interval Matching */;
			targetProxy = D064E62A286D768F00DDD4B9 /* PBXContainerItemProxy */;
		};
		D064E635286D768F00DDD4B9 /* PBXTargetDependency */ = {
			isa = PBXTargetDependency;
			target = D064E617286D768D00DDD4B9 /* Interval Matching */;
			targetProxy = D064E634286D768F00DDD4B9 /* PBXContainerItemProxy */;
		};
/* End PBXTargetDependency section */

/* Begin XCBuildConfiguration section */
		D064E63B286D768F00DDD4B9 /* Debug */ = {
			isa = XCBuildConfiguration;
			buildSettings = {
				ALWAYS_SEARCH_USER_PATHS = NO;
				CLANG_ANALYZER_NONNULL = YES;
				CLANG_ANALYZER_NUMBER_OBJECT_CONVERSION = YES_AGGRESSIVE;
				CLANG_CXX_LANGUAGE_STANDARD = "gnu++17";
				CLANG_ENABLE_MODULES = YES;
				CLANG_ENABLE_OBJC_ARC = YES;
				CLANG_ENABLE_OBJC_WEAK = YES;
				CLANG_WARN_BLOCK_CAPTURE_AUTORELEASING = YES;
				CLANG_WARN_BOOL_CONVERSION = YES;
				CLANG_WARN_COMMA = YES;
				CLANG_WARN_CONSTANT_CONVERSION = YES;
				CLANG_WARN_DEPRECATED_OBJC_IMPLEMENTATIONS = YES;
				CLANG_WARN_DIRECT_OBJC_ISA_USAGE = YES_ERROR;
				CLANG_WARN_DOCUMENTATION_COMMENTS = YES;
				CLANG_WARN_EMPTY_BODY = YES;
				CLANG_WARN_ENUM_CONVERSION = YES;
				CLANG_WARN_INFINITE_RECURSION = YES;
				CLANG_WARN_INT_CONVERSION = YES;
				CLANG_WARN_NON_LITERAL_NULL_CONVERSION = YES;
				CLANG_WARN_OBJC_IMPLICIT_RETAIN_SELF = YES;
				CLANG_WARN_OBJC_LITERAL_CONVERSION = YES;
				CLANG_WARN_OBJC_ROOT_CLASS = YES_ERROR;
				CLANG_WARN_QUOTED_INCLUDE_IN_FRAMEWORK_HEADER = YES;
				CLANG_WARN_RANGE_LOOP_ANALYSIS = YES;
				CLANG_WARN_STRICT_PROTOTYPES = YES;
				CLANG_WARN_SUSPICIOUS_MOVE = YES;
				CLANG_WARN_UNGUARDED_AVAILABILITY = YES_AGGRESSIVE;
				CLANG_WARN_UNREACHABLE_CODE = YES;
				CLANG_WARN__DUPLICATE_METHOD_MATCH = YES;
				COPY_PHASE_STRIP = NO;
				DEBUG_INFORMATION_FORMAT = dwarf;
				ENABLE_STRICT_OBJC_MSGSEND = YES;
				ENABLE_TESTABILITY = YES;
				GCC_C_LANGUAGE_STANDARD = gnu11;
				GCC_DYNAMIC_NO_PIC = NO;
				GCC_NO_COMMON_BLOCKS = YES;
				GCC_OPTIMIZATION_LEVEL = 0;
				GCC_PREPROCESSOR_DEFINITIONS = (
					"DEBUG=1",
					"$(inherited)",
				);
				GCC_WARN_64_TO_32_BIT_CONVERSION = YES;
				GCC_WARN_ABOUT_RETURN_TYPE = YES_ERROR;
				GCC_WARN_UNDECLARED_SELECTOR = YES;
				GCC_WARN_UNINITIALIZED_AUTOS = YES_AGGRESSIVE;
				GCC_WARN_UNUSED_FUNCTION = YES;
				GCC_WARN_UNUSED_VARIABLE = YES;
				MACOSX_DEPLOYMENT_TARGET = 12.3;
				MTL_ENABLE_DEBUG_INFO = INCLUDE_SOURCE;
				MTL_FAST_MATH = YES;
				ONLY_ACTIVE_ARCH = YES;
				SDKROOT = macosx;
				SWIFT_ACTIVE_COMPILATION_CONDITIONS = DEBUG;
				SWIFT_OPTIMIZATION_LEVEL = "-Onone";
			};
			name = Debug;
		};
		D064E63C286D768F00DDD4B9 /* Release */ = {
			isa = XCBuildConfiguration;
			buildSettings = {
				ALWAYS_SEARCH_USER_PATHS = NO;
				CLANG_ANALYZER_NONNULL = YES;
				CLANG_ANALYZER_NUMBER_OBJECT_CONVERSION = YES_AGGRESSIVE;
				CLANG_CXX_LANGUAGE_STANDARD = "gnu++17";
				CLANG_ENABLE_MODULES = YES;
				CLANG_ENABLE_OBJC_ARC = YES;
				CLANG_ENABLE_OBJC_WEAK = YES;
				CLANG_WARN_BLOCK_CAPTURE_AUTORELEASING = YES;
				CLANG_WARN_BOOL_CONVERSION = YES;
				CLANG_WARN_COMMA = YES;
				CLANG_WARN_CONSTANT_CONVERSION = YES;
				CLANG_WARN_DEPRECATED_OBJC_IMPLEMENTATIONS = YES;
				CLANG_WARN_DIRECT_OBJC_ISA_USAGE = YES_ERROR;
				CLANG_WARN_DOCUMENTATION_COMMENTS = YES;
				CLANG_WARN_EMPTY_BODY = YES;
				CLANG_WARN_ENUM_CONVERSION = YES;
				CLANG_WARN_INFINITE_RECURSION = YES;
				CLANG_WARN_INT_CONVERSION = YES;
				CLANG_WARN_NON_LITERAL_NULL_CONVERSION = YES;
				CLANG_WARN_OBJC_IMPLICIT_RETAIN_SELF = YES;
				CLANG_WARN_OBJC_LITERAL_CONVERSION = YES;
				CLANG_WARN_OBJC_ROOT_CLASS = YES_ERROR;
				CLANG_WARN_QUOTED_INCLUDE_IN_FRAMEWORK_HEADER = YES;
				CLANG_WARN_RANGE_LOOP_ANALYSIS = YES;
				CLANG_WARN_STRICT_PROTOTYPES = YES;
				CLANG_WARN_SUSPICIOUS_MOVE = YES;
				CLANG_WARN_UNGUARDED_AVAILABILITY = YES_AGGRESSIVE;
				CLANG_WARN_UNREACHABLE_CODE = YES;
				CLANG_WARN__DUPLICATE_METHOD_MATCH = YES;
				COPY_PHASE_STRIP = NO;
				DEBUG_INFORMATION_FORMAT = "dwarf-with-dsym";
				ENABLE_NS_ASSERTIONS = NO;
				ENABLE_STRICT_OBJC_MSGSEND = YES;
				GCC_C_LANGUAGE_STANDARD = gnu11;
				GCC_NO_COMMON_BLOCKS = YES;
				GCC_WARN_64_TO_32_BIT_CONVERSION = YES;
				GCC_WARN_ABOUT_RETURN_TYPE = YES_ERROR;
				GCC_WARN_UNDECLARED_SELECTOR = YES;
				GCC_WARN_UNINITIALIZED_AUTOS = YES_AGGRESSIVE;
				GCC_WARN_UNUSED_FUNCTION = YES;
				GCC_WARN_UNUSED_VARIABLE = YES;
				MACOSX_DEPLOYMENT_TARGET = 12.3;
				MTL_ENABLE_DEBUG_INFO = NO;
				MTL_FAST_MATH = YES;
				SDKROOT = macosx;
				SWIFT_COMPILATION_MODE = wholemodule;
				SWIFT_OPTIMIZATION_LEVEL = "-O";
			};
			name = Release;
		};
		D064E63E286D768F00DDD4B9 /* Debug */ = {
			isa = XCBuildConfiguration;
			buildSettings = {
				ASSETCATALOG_COMPILER_APPICON_NAME = AppIcon;
				ASSETCATALOG_COMPILER_GLOBAL_ACCENT_COLOR_NAME = AccentColor;
				CODE_SIGN_ENTITLEMENTS = "Interval Matching/Interval_Matching.entitlements";
				CODE_SIGN_STYLE = Automatic;
				COMBINE_HIDPI_IMAGES = YES;
				CURRENT_PROJECT_VERSION = 1;
				DEVELOPMENT_ASSET_PATHS = "\"Interval Matching/Preview Content\"";
				ENABLE_PREVIEWS = YES;
				GENERATE_INFOPLIST_FILE = YES;
				INFOPLIST_KEY_NSHumanReadableCopyright = "";
				LD_RUNPATH_SEARCH_PATHS = (
					"$(inherited)",
					"@executable_path/../Frameworks",
				);
				MARKETING_VERSION = 1.0;
				PRODUCT_BUNDLE_IDENTIFIER = "int.Interval-Matching";
				PRODUCT_NAME = "$(TARGET_NAME)";
				SWIFT_EMIT_LOC_STRINGS = YES;
				SWIFT_VERSION = 5.0;
			};
			name = Debug;
		};
		D064E63F286D768F00DDD4B9 /* Release */ = {
			isa = XCBuildConfiguration;
			buildSettings = {
				ASSETCATALOG_COMPILER_APPICON_NAME = AppIcon;
				ASSETCATALOG_COMPILER_GLOBAL_ACCENT_COLOR_NAME = AccentColor;
				CODE_SIGN_ENTITLEMENTS = "Interval Matching/Interval_Matching.entitlements";
				CODE_SIGN_STYLE = Automatic;
				COMBINE_HIDPI_IMAGES = YES;
				CURRENT_PROJECT_VERSION = 1;
				DEVELOPMENT_ASSET_PATHS = "\"Interval Matching/Preview Content\"";
				ENABLE_PREVIEWS = YES;
				GENERATE_INFOPLIST_FILE = YES;
				INFOPLIST_KEY_NSHumanReadableCopyright = "";
				LD_RUNPATH_SEARCH_PATHS = (
					"$(inherited)",
					"@executable_path/../Frameworks",
				);
				MARKETING_VERSION = 1.0;
				PRODUCT_BUNDLE_IDENTIFIER = "int.Interval-Matching";
				PRODUCT_NAME = "$(TARGET_NAME)";
				SWIFT_EMIT_LOC_STRINGS = YES;
				SWIFT_VERSION = 5.0;
			};
			name = Release;
		};
		D064E641286D768F00DDD4B9 /* Debug */ = {
			isa = XCBuildConfiguration;
			buildSettings = {
				ALWAYS_EMBED_SWIFT_STANDARD_LIBRARIES = YES;
				BUNDLE_LOADER = "$(TEST_HOST)";
				CODE_SIGN_STYLE = Automatic;
				CURRENT_PROJECT_VERSION = 1;
				GENERATE_INFOPLIST_FILE = YES;
				MACOSX_DEPLOYMENT_TARGET = 12.3;
				MARKETING_VERSION = 1.0;
				PRODUCT_BUNDLE_IDENTIFIER = "int.Interval-MatchingTests";
				PRODUCT_NAME = "$(TARGET_NAME)";
				SWIFT_EMIT_LOC_STRINGS = NO;
				SWIFT_VERSION = 5.0;
				TEST_HOST = "$(BUILT_PRODUCTS_DIR)/Interval Matching.app/Contents/MacOS/Interval Matching";
			};
			name = Debug;
		};
		D064E642286D768F00DDD4B9 /* Release */ = {
			isa = XCBuildConfiguration;
			buildSettings = {
				ALWAYS_EMBED_SWIFT_STANDARD_LIBRARIES = YES;
				BUNDLE_LOADER = "$(TEST_HOST)";
				CODE_SIGN_STYLE = Automatic;
				CURRENT_PROJECT_VERSION = 1;
				GENERATE_INFOPLIST_FILE = YES;
				MACOSX_DEPLOYMENT_TARGET = 12.3;
				MARKETING_VERSION = 1.0;
				PRODUCT_BUNDLE_IDENTIFIER = "int.Interval-MatchingTests";
				PRODUCT_NAME = "$(TARGET_NAME)";
				SWIFT_EMIT_LOC_STRINGS = NO;
				SWIFT_VERSION = 5.0;
				TEST_HOST = "$(BUILT_PRODUCTS_DIR)/Interval Matching.app/Contents/MacOS/Interval Matching";
			};
			name = Release;
		};
		D064E644286D768F00DDD4B9 /* Debug */ = {
			isa = XCBuildConfiguration;
			buildSettings = {
				ALWAYS_EMBED_SWIFT_STANDARD_LIBRARIES = YES;
				CODE_SIGN_STYLE = Automatic;
				CURRENT_PROJECT_VERSION = 1;
				GENERATE_INFOPLIST_FILE = YES;
				MARKETING_VERSION = 1.0;
				PRODUCT_BUNDLE_IDENTIFIER = "int.Interval-MatchingUITests";
				PRODUCT_NAME = "$(TARGET_NAME)";
				SWIFT_EMIT_LOC_STRINGS = NO;
				SWIFT_VERSION = 5.0;
				TEST_TARGET_NAME = "Interval Matching";
			};
			name = Debug;
		};
		D064E645286D768F00DDD4B9 /* Release */ = {
			isa = XCBuildConfiguration;
			buildSettings = {
				ALWAYS_EMBED_SWIFT_STANDARD_LIBRARIES = YES;
				CODE_SIGN_STYLE = Automatic;
				CURRENT_PROJECT_VERSION = 1;
				GENERATE_INFOPLIST_FILE = YES;
				MARKETING_VERSION = 1.0;
				PRODUCT_BUNDLE_IDENTIFIER = "int.Interval-MatchingUITests";
				PRODUCT_NAME = "$(TARGET_NAME)";
				SWIFT_EMIT_LOC_STRINGS = NO;
				SWIFT_VERSION = 5.0;
				TEST_TARGET_NAME = "Interval Matching";
			};
			name = Release;
		};
/* End XCBuildConfiguration section */

/* Begin XCConfigurationList section */
		D064E613286D768D00DDD4B9 /* Build configuration list for PBXProject "Interval Matching" */ = {
			isa = XCConfigurationList;
			buildConfigurations = (
				D064E63B286D768F00DDD4B9 /* Debug */,
				D064E63C286D768F00DDD4B9 /* Release */,
			);
			defaultConfigurationIsVisible = 0;
			defaultConfigurationName = Release;
		};
		D064E63D286D768F00DDD4B9 /* Build configuration list for PBXNativeTarget "Interval Matching" */ = {
			isa = XCConfigurationList;
			buildConfigurations = (
				D064E63E286D768F00DDD4B9 /* Debug */,
				D064E63F286D768F00DDD4B9 /* Release */,
			);
			defaultConfigurationIsVisible = 0;
			defaultConfigurationName = Release;
		};
		D064E640286D768F00DDD4B9 /* Build configuration list for PBXNativeTarget "Interval MatchingTests" */ = {
			isa = XCConfigurationList;
			buildConfigurations = (
				D064E641286D768F00DDD4B9 /* Debug */,
				D064E642286D768F00DDD4B9 /* Release */,
			);
			defaultConfigurationIsVisible = 0;
			defaultConfigurationName = Release;
		};
		D064E643286D768F00DDD4B9 /* Build configuration list for PBXNativeTarget "Interval MatchingUITests" */ = {
			isa = XCConfigurationList;
			buildConfigurations = (
				D064E644286D768F00DDD4B9 /* Debug */,
				D064E645286D768F00DDD4B9 /* Release */,
			);
			defaultConfigurationIsVisible = 0;
			defaultConfigurationName = Release;
		};
/* End XCConfigurationList section */
	};
	rootObject = D064E610286D768D00DDD4B9 /* Project object */;
}
